
Microsoft Visual Studio Solution File, Format Version 12.00
# Visual Studio Version 17
VisualStudioVersion = 17.7.34024.191
MinimumVisualStudioVersion = 10.0.40219.1
Project("{2150E333-8FDC-42A3-9474-1A3956D46DE8}") = "Services", "Services", "{8DEF5C4C-F01B-40C2-BB30-251DEEFFDAA7}"
EndProject
Project("{2150E333-8FDC-42A3-9474-1A3956D46DE8}") = "WebApps", "WebApps", "{9043AEE5-1170-4F6B-B65E-F12E58CA8E3B}"
EndProject
Project("{2150E333-8FDC-42A3-9474-1A3956D46DE8}") = "Registration", "Registration", "{8B9234A4-7908-4672-B4DA-CDAAEAF3CC69}"
EndProject
Project("{2150E333-8FDC-42A3-9474-1A3956D46DE8}") = "Catalog", "Catalog", "{D647B14B-26D8-4736-B709-28C6EE5E8043}"
EndProject
Project("{2150E333-8FDC-42A3-9474-1A3956D46DE8}") = "Core", "Core", "{7BD3B8DF-C67D-4561-9D1C-11E91CBE5A08}"
EndProject
Project("{2150E333-8FDC-42A3-9474-1A3956D46DE8}") = "Sales", "Sales", "{3E463950-A0B1-427C-98C8-4676979FDDC9}"
EndProject
Project("{2150E333-8FDC-42A3-9474-1A3956D46DE8}") = "Payments", "Payments", "{AC390456-0524-46DC-A6E5-6A923E781833}"
EndProject
Project("{2150E333-8FDC-42A3-9474-1A3956D46DE8}") = "Fiscal", "Fiscal", "{6400FC7B-CEF8-4FEB-9C28-5B51E51DEDE4}"
EndProject
Project("{2150E333-8FDC-42A3-9474-1A3956D46DE8}") = "Tests", "Tests", "{08D9F3BA-8C5C-4BF3-95A3-6A9F7D72DDD2}"
EndProject
Project("{9A19103F-16F7-4668-BE54-9A1E7A4F7556}") = "EStore.Catalog.Application", "src\EStore.Catalog.Application\EStore.Catalog.Application.csproj", "{2BE7E1B8-E370-4B75-B726-250FE66BBEAF}"
EndProject
Project("{9A19103F-16F7-4668-BE54-9A1E7A4F7556}") = "EStore.Catalog.Data", "src\EStore.Catalog.Data\EStore.Catalog.Data.csproj", "{6DB42FB7-3E65-4B63-B967-FA6053406156}"
EndProject
Project("{9A19103F-16F7-4668-BE54-9A1E7A4F7556}") = "EStore.Catalog.Domain", "src\EStore.Catalog.Domain\EStore.Catalog.Domain.csproj", "{E3D50DEC-4BDA-47BB-838B-EF55C3331C4C}"
EndProject
Project("{9A19103F-16F7-4668-BE54-9A1E7A4F7556}") = "EStore.Core", "src\EStore.Core\EStore.Core.csproj", "{A66E3BB7-58B7-4AC5-8BB4-2EE10EB079A6}"
EndProject
Project("{9A19103F-16F7-4668-BE54-9A1E7A4F7556}") = "EStore.Catalog.Domain.Tests", "tests\EStore.Catalog.Domain.Tests\EStore.Catalog.Domain.Tests.csproj", "{935BADCB-9013-419B-9326-F985B70D8B46}"
EndProject
Project("{FAE04EC0-301F-11D3-BF4B-00C04F79EFBC}") = "EStore.WebApp.MVC", "src\EStore.WebApp.MVC\EStore.WebApp.MVC.csproj", "{B0D88E15-EB15-41F4-A223-ECA238CE90A3}"
EndProject
Global
	GlobalSection(SolutionConfigurationPlatforms) = preSolution
		Debug|Any CPU = Debug|Any CPU
		Release|Any CPU = Release|Any CPU
	EndGlobalSection
	GlobalSection(ProjectConfigurationPlatforms) = postSolution
		{2BE7E1B8-E370-4B75-B726-250FE66BBEAF}.Debug|Any CPU.ActiveCfg = Debug|Any CPU
		{2BE7E1B8-E370-4B75-B726-250FE66BBEAF}.Debug|Any CPU.Build.0 = Debug|Any CPU
		{2BE7E1B8-E370-4B75-B726-250FE66BBEAF}.Release|Any CPU.ActiveCfg = Release|Any CPU
		{2BE7E1B8-E370-4B75-B726-250FE66BBEAF}.Release|Any CPU.Build.0 = Release|Any CPU
		{6DB42FB7-3E65-4B63-B967-FA6053406156}.Debug|Any CPU.ActiveCfg = Debug|Any CPU
		{6DB42FB7-3E65-4B63-B967-FA6053406156}.Debug|Any CPU.Build.0 = Debug|Any CPU
		{6DB42FB7-3E65-4B63-B967-FA6053406156}.Release|Any CPU.ActiveCfg = Release|Any CPU
		{6DB42FB7-3E65-4B63-B967-FA6053406156}.Release|Any CPU.Build.0 = Release|Any CPU
		{E3D50DEC-4BDA-47BB-838B-EF55C3331C4C}.Debug|Any CPU.ActiveCfg = Debug|Any CPU
		{E3D50DEC-4BDA-47BB-838B-EF55C3331C4C}.Debug|Any CPU.Build.0 = Debug|Any CPU
		{E3D50DEC-4BDA-47BB-838B-EF55C3331C4C}.Release|Any CPU.ActiveCfg = Release|Any CPU
		{E3D50DEC-4BDA-47BB-838B-EF55C3331C4C}.Release|Any CPU.Build.0 = Release|Any CPU
		{A66E3BB7-58B7-4AC5-8BB4-2EE10EB079A6}.Debug|Any CPU.ActiveCfg = Debug|Any CPU
		{A66E3BB7-58B7-4AC5-8BB4-2EE10EB079A6}.Debug|Any CPU.Build.0 = Debug|Any CPU
		{A66E3BB7-58B7-4AC5-8BB4-2EE10EB079A6}.Release|Any CPU.ActiveCfg = Release|Any CPU
		{A66E3BB7-58B7-4AC5-8BB4-2EE10EB079A6}.Release|Any CPU.Build.0 = Release|Any CPU
		{935BADCB-9013-419B-9326-F985B70D8B46}.Debug|Any CPU.ActiveCfg = Debug|Any CPU
		{935BADCB-9013-419B-9326-F985B70D8B46}.Debug|Any CPU.Build.0 = Debug|Any CPU
		{935BADCB-9013-419B-9326-F985B70D8B46}.Release|Any CPU.ActiveCfg = Release|Any CPU
		{935BADCB-9013-419B-9326-F985B70D8B46}.Release|Any CPU.Build.0 = Release|Any CPU
		{B0D88E15-EB15-41F4-A223-ECA238CE90A3}.Debug|Any CPU.ActiveCfg = Debug|Any CPU
		{B0D88E15-EB15-41F4-A223-ECA238CE90A3}.Debug|Any CPU.Build.0 = Debug|Any CPU
		{B0D88E15-EB15-41F4-A223-ECA238CE90A3}.Release|Any CPU.ActiveCfg = Release|Any CPU
		{B0D88E15-EB15-41F4-A223-ECA238CE90A3}.Release|Any CPU.Build.0 = Release|Any CPU
	EndGlobalSection
	GlobalSection(SolutionProperties) = preSolution
		HideSolutionNode = FALSE
	EndGlobalSection
	GlobalSection(NestedProjects) = preSolution
		{8B9234A4-7908-4672-B4DA-CDAAEAF3CC69} = {8DEF5C4C-F01B-40C2-BB30-251DEEFFDAA7}
		{D647B14B-26D8-4736-B709-28C6EE5E8043} = {8DEF5C4C-F01B-40C2-BB30-251DEEFFDAA7}
		{7BD3B8DF-C67D-4561-9D1C-11E91CBE5A08} = {8DEF5C4C-F01B-40C2-BB30-251DEEFFDAA7}
		{3E463950-A0B1-427C-98C8-4676979FDDC9} = {8DEF5C4C-F01B-40C2-BB30-251DEEFFDAA7}
		{AC390456-0524-46DC-A6E5-6A923E781833} = {8DEF5C4C-F01B-40C2-BB30-251DEEFFDAA7}
		{6400FC7B-CEF8-4FEB-9C28-5B51E51DEDE4} = {8DEF5C4C-F01B-40C2-BB30-251DEEFFDAA7}
		{08D9F3BA-8C5C-4BF3-95A3-6A9F7D72DDD2} = {D647B14B-26D8-4736-B709-28C6EE5E8043}
		{2BE7E1B8-E370-4B75-B726-250FE66BBEAF} = {D647B14B-26D8-4736-B709-28C6EE5E8043}
		{6DB42FB7-3E65-4B63-B967-FA6053406156} = {D647B14B-26D8-4736-B709-28C6EE5E8043}
		{E3D50DEC-4BDA-47BB-838B-EF55C3331C4C} = {D647B14B-26D8-4736-B709-28C6EE5E8043}
		{A66E3BB7-58B7-4AC5-8BB4-2EE10EB079A6} = {7BD3B8DF-C67D-4561-9D1C-11E91CBE5A08}
		{935BADCB-9013-419B-9326-F985B70D8B46} = {08D9F3BA-8C5C-4BF3-95A3-6A9F7D72DDD2}
		{B0D88E15-EB15-41F4-A223-ECA238CE90A3} = {9043AEE5-1170-4F6B-B65E-F12E58CA8E3B}
	EndGlobalSection
	GlobalSection(ExtensibilityGlobals) = postSolution
		SolutionGuid = {40529822-5C03-4CCE-9047-345BCD0CDF76}
	EndGlobalSection
EndGlobal
